[{<<"elli">>,
  {git,"git://github.com/elli-lib/elli.git",
       {ref,"968afee385f46c053fd46858713261db7dc03af4"}},
  0},
 {<<"epgsql">>,
  {git,"git://github.com/epgsql/epgsql.git",
       {ref,"b4bbfdabbeef91ea2586fb00518e7595af24df49"}},
  0},
 {<<"goldrush">>,
  {git,"git://github.com/DeadZen/goldrush.git",
       {ref,"212299233c7e7eb63a97be2777e1c05ebaa58dbe"}},
  1},
 {<<"jsx">>,
  {git,"https://github.com/talentdeficit/jsx.git",
       {ref,"3074d4865b3385a050badf7828ad31490d860df5"}},
  0},
 {<<"lager">>,
  {git,"https://github.com/basho/lager.git",
       {ref,"8187757388c9adc915379caaab36a2f2ca26e944"}},
  0},
 {<<"pgapp">>,
  {git,"https://github.com/epgsql/pgapp.git",
       {ref,"7183895ba8a30a8707ee5b197e64e24f1870a2d9"}},
  0},
 {<<"poolboy">>,
  {git,"git://github.com/devinus/poolboy.git",
       {ref,"fa87a6e51534d02c04a118a2f037d0ff296f2309"}},
  1}].
